// !$*UTF8*$!
{
	archiveVersion = 1;
	classes = {
	};
	objectVersion = 56;
	objects = {

/* Begin PBXBuildFile section */
		5D348B822974768B001FAF2A /* AppDelegate.swift in Sources */ = {isa = PBXBuildFile; fileRef = 5D348B812974768B001FAF2A /* AppDelegate.swift */; };
		5D348B842974768B001FAF2A /* SceneDelegate.swift in Sources */ = {isa = PBXBuildFile; fileRef = 5D348B832974768B001FAF2A /* SceneDelegate.swift */; };
		5D348B862974768B001FAF2A /* WelcomeViewController.swift in Sources */ = {isa = PBXBuildFile; fileRef = 5D348B852974768B001FAF2A /* WelcomeViewController.swift */; };
		5D348B892974768B001FAF2A /* Main.storyboard in Resources */ = {isa = PBXBuildFile; fileRef = 5D348B872974768B001FAF2A /* Main.storyboard */; };
		5D348B8C2974768B001FAF2A /* Shopping_App_Project.xcdatamodeld in Sources */ = {isa = PBXBuildFile; fileRef = 5D348B8A2974768B001FAF2A /* Shopping_App_Project.xcdatamodeld */; };
		5D348B8E2974768D001FAF2A /* Assets.xcassets in Resources */ = {isa = PBXBuildFile; fileRef = 5D348B8D2974768D001FAF2A /* Assets.xcassets */; };
		5D348B912974768D001FAF2A /* LaunchScreen.storyboard in Resources */ = {isa = PBXBuildFile; fileRef = 5D348B8F2974768D001FAF2A /* LaunchScreen.storyboard */; };
		5D348B9929748C71001FAF2A /* LoginVC.swift in Sources */ = {isa = PBXBuildFile; fileRef = 5D348B9829748C71001FAF2A /* LoginVC.swift */; };
		5D348B9B29748C86001FAF2A /* RegisterVC.swift in Sources */ = {isa = PBXBuildFile; fileRef = 5D348B9A29748C86001FAF2A /* RegisterVC.swift */; };
		5D562390297AE86800390A1F /* SummaryCell.swift in Sources */ = {isa = PBXBuildFile; fileRef = 5D56238E297AE86800390A1F /* SummaryCell.swift */; };
		5D562391297AE86800390A1F /* SummaryCell.xib in Resources */ = {isa = PBXBuildFile; fileRef = 5D56238F297AE86800390A1F /* SummaryCell.xib */; };
		5D562394297B0C0300390A1F /* SummaryManager.swift in Sources */ = {isa = PBXBuildFile; fileRef = 5D562393297B0C0300390A1F /* SummaryManager.swift */; };
		5D7F2079297991370074BA27 /* SumCalculator.swift in Sources */ = {isa = PBXBuildFile; fileRef = 5D7F2078297991370074BA27 /* SumCalculator.swift */; };
		5D912B36297579C7002CA421 /* GoogleService-Info.plist in Resources */ = {isa = PBXBuildFile; fileRef = 5D912B35297579C7002CA421 /* GoogleService-Info.plist */; };
		5D912B38297587C6002CA421 /* ShoppingPage.swift in Sources */ = {isa = PBXBuildFile; fileRef = 5D912B37297587C6002CA421 /* ShoppingPage.swift */; };
		5D912B3A297594E6002CA421 /* Animations.swift in Sources */ = {isa = PBXBuildFile; fileRef = 5D912B39297594E6002CA421 /* Animations.swift */; };
		5D912B3D29759947002CA421 /* FirebaseAuth in Frameworks */ = {isa = PBXBuildFile; productRef = 5D912B3C29759947002CA421 /* FirebaseAuth */; };
		5D912B412975AECA002CA421 /* CustomCell.swift in Sources */ = {isa = PBXBuildFile; fileRef = 5D912B3F2975AECA002CA421 /* CustomCell.swift */; };
		5D912B422975AECA002CA421 /* CustomCell.xib in Resources */ = {isa = PBXBuildFile; fileRef = 5D912B402975AECA002CA421 /* CustomCell.xib */; };
		5D912B472975BA51002CA421 /* ProductModel.swift in Sources */ = {isa = PBXBuildFile; fileRef = 5D912B462975BA51002CA421 /* ProductModel.swift */; };
		5D912B492976C0C1002CA421 /* NetworkManager.swift in Sources */ = {isa = PBXBuildFile; fileRef = 5D912B482976C0C1002CA421 /* NetworkManager.swift */; };
		5D912B74297860CE002CA421 /* SummaryVC.swift in Sources */ = {isa = PBXBuildFile; fileRef = 5D912B73297860CE002CA421 /* SummaryVC.swift */; };
		5D912B762978610E002CA421 /* ConfirmationVC.swift in Sources */ = {isa = PBXBuildFile; fileRef = 5D912B752978610E002CA421 /* ConfirmationVC.swift */; };
		5D912B782978614B002CA421 /* PaymentErrorVC.swift in Sources */ = {isa = PBXBuildFile; fileRef = 5D912B772978614B002CA421 /* PaymentErrorVC.swift */; };
/* End PBXBuildFile section */

/* Begin PBXFileReference section */
		5D348B7E2974768B001FAF2A /* Shopping App Project.app */ = {isa = PBXFileReference; explicitFileType = wrapper.application; includeInIndex = 0; path = "Shopping App Project.app"; sourceTree = BUILT_PRODUCTS_DIR; };
		5D348B812974768B001FAF2A /* AppDelegate.swift */ = {isa = PBXFileReference; lastKnownFileType = sourcecode.swift; path = AppDelegate.swift; sourceTree = "<group>"; };
		5D348B832974768B001FAF2A /* SceneDelegate.swift */ = {isa = PBXFileReference; lastKnownFileType = sourcecode.swift; path = SceneDelegate.swift; sourceTree = "<group>"; };
		5D348B852974768B001FAF2A /* WelcomeViewController.swift */ = {isa = PBXFileReference; lastKnownFileType = sourcecode.swift; path = WelcomeViewController.swift; sourceTree = "<group>"; };
		5D348B882974768B001FAF2A /* Base */ = {isa = PBXFileReference; lastKnownFileType = file.storyboard; name = Base; path = Base.lproj/Main.storyboard; sourceTree = "<group>"; };
		5D348B8B2974768B001FAF2A /* Shopping_App_Project.xcdatamodel */ = {isa = PBXFileReference; lastKnownFileType = wrapper.xcdatamodel; path = Shopping_App_Project.xcdatamodel; sourceTree = "<group>"; };
		5D348B8D2974768D001FAF2A /* Assets.xcassets */ = {isa = PBXFileReference; lastKnownFileType = folder.assetcatalog; path = Assets.xcassets; sourceTree = "<group>"; };
		5D348B902974768D001FAF2A /* Base */ = {isa = PBXFileReference; lastKnownFileType = file.storyboard; name = Base; path = Base.lproj/LaunchScreen.storyboard; sourceTree = "<group>"; };
		5D348B922974768D001FAF2A /* Info.plist */ = {isa = PBXFileReference; lastKnownFileType = text.plist.xml; path = Info.plist; sourceTree = "<group>"; };
		5D348B9829748C71001FAF2A /* LoginVC.swift */ = {isa = PBXFileReference; lastKnownFileType = sourcecode.swift; path = LoginVC.swift; sourceTree = "<group>"; };
		5D348B9A29748C86001FAF2A /* RegisterVC.swift */ = {isa = PBXFileReference; lastKnownFileType = sourcecode.swift; path = RegisterVC.swift; sourceTree = "<group>"; };
		5D56238E297AE86800390A1F /* SummaryCell.swift */ = {isa = PBXFileReference; lastKnownFileType = sourcecode.swift; path = SummaryCell.swift; sourceTree = "<group>"; };
		5D56238F297AE86800390A1F /* SummaryCell.xib */ = {isa = PBXFileReference; lastKnownFileType = file.xib; path = SummaryCell.xib; sourceTree = "<group>"; };
		5D562393297B0C0300390A1F /* SummaryManager.swift */ = {isa = PBXFileReference; lastKnownFileType = sourcecode.swift; path = SummaryManager.swift; sourceTree = "<group>"; };
		5D7F2078297991370074BA27 /* SumCalculator.swift */ = {isa = PBXFileReference; lastKnownFileType = sourcecode.swift; path = SumCalculator.swift; sourceTree = "<group>"; };
		5D912B35297579C7002CA421 /* GoogleService-Info.plist */ = {isa = PBXFileReference; fileEncoding = 4; lastKnownFileType = text.plist.xml; path = "GoogleService-Info.plist"; sourceTree = "<group>"; };
		5D912B37297587C6002CA421 /* ShoppingPage.swift */ = {isa = PBXFileReference; lastKnownFileType = sourcecode.swift; path = ShoppingPage.swift; sourceTree = "<group>"; };
		5D912B39297594E6002CA421 /* Animations.swift */ = {isa = PBXFileReference; lastKnownFileType = sourcecode.swift; path = Animations.swift; sourceTree = "<group>"; };
		5D912B3F2975AECA002CA421 /* CustomCell.swift */ = {isa = PBXFileReference; lastKnownFileType = sourcecode.swift; path = CustomCell.swift; sourceTree = "<group>"; };
		5D912B402975AECA002CA421 /* CustomCell.xib */ = {isa = PBXFileReference; lastKnownFileType = file.xib; path = CustomCell.xib; sourceTree = "<group>"; };
		5D912B462975BA51002CA421 /* ProductModel.swift */ = {isa = PBXFileReference; lastKnownFileType = sourcecode.swift; path = ProductModel.swift; sourceTree = "<group>"; };
		5D912B482976C0C1002CA421 /* NetworkManager.swift */ = {isa = PBXFileReference; lastKnownFileType = sourcecode.swift; path = NetworkManager.swift; sourceTree = "<group>"; };
		5D912B73297860CE002CA421 /* SummaryVC.swift */ = {isa = PBXFileReference; lastKnownFileType = sourcecode.swift; path = SummaryVC.swift; sourceTree = "<group>"; };
		5D912B752978610E002CA421 /* ConfirmationVC.swift */ = {isa = PBXFileReference; lastKnownFileType = sourcecode.swift; path = ConfirmationVC.swift; sourceTree = "<group>"; };
		5D912B772978614B002CA421 /* PaymentErrorVC.swift */ = {isa = PBXFileReference; lastKnownFileType = sourcecode.swift; path = PaymentErrorVC.swift; sourceTree = "<group>"; };
/* End PBXFileReference section */

/* Begin PBXFrameworksBuildPhase section */
		5D348B7B2974768B001FAF2A /* Frameworks */ = {
			isa = PBXFrameworksBuildPhase;
			buildActionMask = 2147483647;
			files = (
				5D912B3D29759947002CA421 /* FirebaseAuth in Frameworks */,
			);
			runOnlyForDeploymentPostprocessing = 0;
		};
/* End PBXFrameworksBuildPhase section */

/* Begin PBXGroup section */
		5D348B752974768B001FAF2A = {
			isa = PBXGroup;
			children = (
				5D348B802974768B001FAF2A /* Shopping App Project */,
				5D348B7F2974768B001FAF2A /* Products */,
			);
			sourceTree = "<group>";
		};
		5D348B7F2974768B001FAF2A /* Products */ = {
			isa = PBXGroup;
			children = (
				5D348B7E2974768B001FAF2A /* Shopping App Project.app */,
			);
			name = Products;
			sourceTree = "<group>";
		};
		5D348B802974768B001FAF2A /* Shopping App Project */ = {
			isa = PBXGroup;
			children = (
				5D7F2077297991180074BA27 /* ViewModel */,
				5D52FBD829749319002A6EB2 /* Delegates */,
				5D912B452975BA34002CA421 /* Model */,
				5D912B432975B588002CA421 /* Animations */,
				5D912B4A2976C0CE002CA421 /* Network */,
				5D912B3E2975AE98002CA421 /* View */,
				5D348B8D2974768D001FAF2A /* Assets.xcassets */,
				5D348B8F2974768D001FAF2A /* LaunchScreen.storyboard */,
				5D348B922974768D001FAF2A /* Info.plist */,
				5D912B35297579C7002CA421 /* GoogleService-Info.plist */,
				5D348B8A2974768B001FAF2A /* Shopping_App_Project.xcdatamodeld */,
			);
			path = "Shopping App Project";
			sourceTree = "<group>";
		};
		5D52FBD829749319002A6EB2 /* Delegates */ = {
			isa = PBXGroup;
			children = (
				5D348B812974768B001FAF2A /* AppDelegate.swift */,
				5D348B832974768B001FAF2A /* SceneDelegate.swift */,
			);
			path = Delegates;
			sourceTree = "<group>";
		};
		5D56238D297AE7CC00390A1F /* Storyboard */ = {
			isa = PBXGroup;
			children = (
				5D348B872974768B001FAF2A /* Main.storyboard */,
			);
			path = Storyboard;
			sourceTree = "<group>";
		};
		5D562392297AE87300390A1F /* SummaryCell */ = {
			isa = PBXGroup;
			children = (
				5D56238E297AE86800390A1F /* SummaryCell.swift */,
				5D56238F297AE86800390A1F /* SummaryCell.xib */,
			);
			path = SummaryCell;
			sourceTree = "<group>";
		};
		5D7F2077297991180074BA27 /* ViewModel */ = {
			isa = PBXGroup;
			children = (
				5D7F2078297991370074BA27 /* SumCalculator.swift */,
			);
			path = ViewModel;
			sourceTree = "<group>";
		};
		5D7F207E297AC5320074BA27 /* ShoppingPageCell */ = {
			isa = PBXGroup;
			children = (
				5D912B3F2975AECA002CA421 /* CustomCell.swift */,
				5D912B402975AECA002CA421 /* CustomCell.xib */,
			);
			path = ShoppingPageCell;
			sourceTree = "<group>";
		};
		5D912B3E2975AE98002CA421 /* View */ = {
			isa = PBXGroup;
			children = (
				5D348B852974768B001FAF2A /* WelcomeViewController.swift */,
				5D348B9829748C71001FAF2A /* LoginVC.swift */,
				5D348B9A29748C86001FAF2A /* RegisterVC.swift */,
				5D912B37297587C6002CA421 /* ShoppingPage.swift */,
				5D912B73297860CE002CA421 /* SummaryVC.swift */,
				5D912B752978610E002CA421 /* ConfirmationVC.swift */,
				5D912B772978614B002CA421 /* PaymentErrorVC.swift */,
				5D56238D297AE7CC00390A1F /* Storyboard */,
				5D912B442975B8E0002CA421 /* CustomCells */,
			);
			path = View;
			sourceTree = "<group>";
		};
		5D912B432975B588002CA421 /* Animations */ = {
			isa = PBXGroup;
			children = (
				5D912B39297594E6002CA421 /* Animations.swift */,
			);
			path = Animations;
			sourceTree = "<group>";
		};
		5D912B442975B8E0002CA421 /* CustomCells */ = {
			isa = PBXGroup;
			children = (
				5D7F207E297AC5320074BA27 /* ShoppingPageCell */,
				5D562392297AE87300390A1F /* SummaryCell */,
			);
			path = CustomCells;
			sourceTree = "<group>";
		};
		5D912B452975BA34002CA421 /* Model */ = {
			isa = PBXGroup;
			children = (
				5D912B462975BA51002CA421 /* ProductModel.swift */,
				5D562393297B0C0300390A1F /* SummaryManager.swift */,
			);
			path = Model;
			sourceTree = "<group>";
		};
		5D912B4A2976C0CE002CA421 /* Network */ = {
			isa = PBXGroup;
			children = (
				5D912B482976C0C1002CA421 /* NetworkManager.swift */,
			);
			path = Network;
			sourceTree = "<group>";
		};
/* End PBXGroup section */

/* Begin PBXNativeTarget section */
		5D348B7D2974768B001FAF2A /* Shopping App Project */ = {
			isa = PBXNativeTarget;
			buildConfigurationList = 5D348B952974768D001FAF2A /* Build configuration list for PBXNativeTarget "Shopping App Project" */;
			buildPhases = (
				5D348B7A2974768B001FAF2A /* Sources */,
				5D348B7B2974768B001FAF2A /* Frameworks */,
				5D348B7C2974768B001FAF2A /* Resources */,
			);
			buildRules = (
			);
			dependencies = (
			);
			name = "Shopping App Project";
			packageProductDependencies = (
				5D912B3C29759947002CA421 /* FirebaseAuth */,
			);
			productName = "Shopping App Project";
			productReference = 5D348B7E2974768B001FAF2A /* Shopping App Project.app */;
			productType = "com.apple.product-type.application";
		};
/* End PBXNativeTarget section */

/* Begin PBXProject section */
		5D348B762974768B001FAF2A /* Project object */ = {
			isa = PBXProject;
			attributes = {
				BuildIndependentTargetsInParallel = 1;
				LastSwiftUpdateCheck = 1420;
				LastUpgradeCheck = 1420;
				TargetAttributes = {
					5D348B7D2974768B001FAF2A = {
						CreatedOnToolsVersion = 14.2;
					};
				};
			};
			buildConfigurationList = 5D348B792974768B001FAF2A /* Build configuration list for PBXProject "Shopping App Project" */;
			compatibilityVersion = "Xcode 14.0";
			developmentRegion = en;
			hasScannedForEncodings = 0;
			knownRegions = (
				en,
				Base,
			);
			mainGroup = 5D348B752974768B001FAF2A;
			packageReferences = (
				5D912B3B29759947002CA421 /* XCRemoteSwiftPackageReference "firebase-ios-sdk" */,
			);
			productRefGroup = 5D348B7F2974768B001FAF2A /* Products */;
			projectDirPath = "";
			projectRoot = "";
			targets = (
				5D348B7D2974768B001FAF2A /* Shopping App Project */,
			);
		};
/* End PBXProject section */

/* Begin PBXResourcesBuildPhase section */
		5D348B7C2974768B001FAF2A /* Resources */ = {
			isa = PBXResourcesBuildPhase;
			buildActionMask = 2147483647;
			files = (
				5D912B422975AECA002CA421 /* CustomCell.xib in Resources */,
				5D348B912974768D001FAF2A /* LaunchScreen.storyboard in Resources */,
				5D912B36297579C7002CA421 /* GoogleService-Info.plist in Resources */,
				5D348B8E2974768D001FAF2A /* Assets.xcassets in Resources */,
				5D562391297AE86800390A1F /* SummaryCell.xib in Resources */,
				5D348B892974768B001FAF2A /* Main.storyboard in Resources */,
			);
			runOnlyForDeploymentPostprocessing = 0;
		};
/* End PBXResourcesBuildPhase section */

/* Begin PBXSourcesBuildPhase section */
		5D348B7A2974768B001FAF2A /* Sources */ = {
			isa = PBXSourcesBuildPhase;
			buildActionMask = 2147483647;
			files = (
				5D912B782978614B002CA421 /* PaymentErrorVC.swift in Sources */,
				5D562394297B0C0300390A1F /* SummaryManager.swift in Sources */,
				5D348B862974768B001FAF2A /* WelcomeViewController.swift in Sources */,
				5D912B762978610E002CA421 /* ConfirmationVC.swift in Sources */,
				5D912B74297860CE002CA421 /* SummaryVC.swift in Sources */,
				5D348B8C2974768B001FAF2A /* Shopping_App_Project.xcdatamodeld in Sources */,
				5D912B38297587C6002CA421 /* ShoppingPage.swift in Sources */,
				5D348B822974768B001FAF2A /* AppDelegate.swift in Sources */,
				5D912B492976C0C1002CA421 /* NetworkManager.swift in Sources */,
				5D912B412975AECA002CA421 /* CustomCell.swift in Sources */,
				5D348B9B29748C86001FAF2A /* RegisterVC.swift in Sources */,
				5D562390297AE86800390A1F /* SummaryCell.swift in Sources */,
				5D348B842974768B001FAF2A /* SceneDelegate.swift in Sources */,
				5D912B3A297594E6002CA421 /* Animations.swift in Sources */,
				5D7F2079297991370074BA27 /* SumCalculator.swift in Sources */,
				5D348B9929748C71001FAF2A /* LoginVC.swift in Sources */,
				5D912B472975BA51002CA421 /* ProductModel.swift in Sources */,
			);
			runOnlyForDeploymentPostprocessing = 0;
		};
/* End PBXSourcesBuildPhase section */

/* Begin PBXVariantGroup section */
		5D348B872974768B001FAF2A /* Main.storyboard */ = {
			isa = PBXVariantGroup;
			children = (
				5D348B882974768B001FAF2A /* Base */,
			);
			name = Main.storyboard;
			sourceTree = "<group>";
		};
		5D348B8F2974768D001FAF2A /* LaunchScreen.storyboard */ = {
			isa = PBXVariantGroup;
			children = (
				5D348B902974768D001FAF2A /* Base */,
			);
			name = LaunchScreen.storyboard;
			sourceTree = "<group>";
		};
/* End PBXVariantGroup section */

/* Begin XCBuildConfiguration section */
		5D348B932974768D001FAF2A /* Debug */ = {
			isa = XCBuildConfiguration;
			buildSettings = {
				ALWAYS_SEARCH_USER_PATHS = NO;
				CLANG_ANALYZER_NONNULL = YES;
				CLANG_ANALYZER_NUMBER_OBJECT_CONVERSION = YES_AGGRESSIVE;
				CLANG_CXX_LANGUAGE_STANDARD = "gnu++20";
				CLANG_ENABLE_MODULES = YES;
				CLANG_ENABLE_OBJC_ARC = YES;
				CLANG_ENABLE_OBJC_WEAK = YES;
				CLANG_WARN_BLOCK_CAPTURE_AUTORELEASING = YES;
				CLANG_WARN_BOOL_CONVERSION = YES;
				CLANG_WARN_COMMA = YES;
				CLANG_WARN_CONSTANT_CONVERSION = YES;
				CLANG_WARN_DEPRECATED_OBJC_IMPLEMENTATIONS = YES;
				CLANG_WARN_DIRECT_OBJC_ISA_USAGE = YES_ERROR;
				CLANG_WARN_DOCUMENTATION_COMMENTS = YES;
				CLANG_WARN_EMPTY_BODY = YES;
				CLANG_WARN_ENUM_CONVERSION = YES;
				CLANG_WARN_INFINITE_RECURSION = YES;
				CLANG_WARN_INT_CONVERSION = YES;
				CLANG_WARN_NON_LITERAL_NULL_CONVERSION = YES;
				CLANG_WARN_OBJC_IMPLICIT_RETAIN_SELF = YES;
				CLANG_WARN_OBJC_LITERAL_CONVERSION = YES;
				CLANG_WARN_OBJC_ROOT_CLASS = YES_ERROR;
				CLANG_WARN_QUOTED_INCLUDE_IN_FRAMEWORK_HEADER = YES;
				CLANG_WARN_RANGE_LOOP_ANALYSIS = YES;
				CLANG_WARN_STRICT_PROTOTYPES = YES;
				CLANG_WARN_SUSPICIOUS_MOVE = YES;
				CLANG_WARN_UNGUARDED_AVAILABILITY = YES_AGGRESSIVE;
				CLANG_WARN_UNREACHABLE_CODE = YES;
				CLANG_WARN__DUPLICATE_METHOD_MATCH = YES;
				COPY_PHASE_STRIP = NO;
				DEBUG_INFORMATION_FORMAT = dwarf;
				ENABLE_STRICT_OBJC_MSGSEND = YES;
				ENABLE_TESTABILITY = YES;
				GCC_C_LANGUAGE_STANDARD = gnu11;
				GCC_DYNAMIC_NO_PIC = NO;
				GCC_NO_COMMON_BLOCKS = YES;
				GCC_OPTIMIZATION_LEVEL = 0;
				GCC_PREPROCESSOR_DEFINITIONS = (
					"DEBUG=1",
					"$(inherited)",
				);
				GCC_WARN_64_TO_32_BIT_CONVERSION = YES;
				GCC_WARN_ABOUT_RETURN_TYPE = YES_ERROR;
				GCC_WARN_UNDECLARED_SELECTOR = YES;
				GCC_WARN_UNINITIALIZED_AUTOS = YES_AGGRESSIVE;
				GCC_WARN_UNUSED_FUNCTION = YES;
				GCC_WARN_UNUSED_VARIABLE = YES;
				IPHONEOS_DEPLOYMENT_TARGET = 16.2;
				MTL_ENABLE_DEBUG_INFO = INCLUDE_SOURCE;
				MTL_FAST_MATH = YES;
				ONLY_ACTIVE_ARCH = YES;
				SDKROOT = iphoneos;
				SWIFT_ACTIVE_COMPILATION_CONDITIONS = DEBUG;
				SWIFT_OPTIMIZATION_LEVEL = "-Onone";
			};
			name = Debug;
		};
		5D348B942974768D001FAF2A /* Release */ = {
			isa = XCBuildConfiguration;
			buildSettings = {
				ALWAYS_SEARCH_USER_PATHS = NO;
				CLANG_ANALYZER_NONNULL = YES;
				CLANG_ANALYZER_NUMBER_OBJECT_CONVERSION = YES_AGGRESSIVE;
				CLANG_CXX_LANGUAGE_STANDARD = "gnu++20";
				CLANG_ENABLE_MODULES = YES;
				CLANG_ENABLE_OBJC_ARC = YES;
				CLANG_ENABLE_OBJC_WEAK = YES;
				CLANG_WARN_BLOCK_CAPTURE_AUTORELEASING = YES;
				CLANG_WARN_BOOL_CONVERSION = YES;
				CLANG_WARN_COMMA = YES;
				CLANG_WARN_CONSTANT_CONVERSION = YES;
				CLANG_WARN_DEPRECATED_OBJC_IMPLEMENTATIONS = YES;
				CLANG_WARN_DIRECT_OBJC_ISA_USAGE = YES_ERROR;
				CLANG_WARN_DOCUMENTATION_COMMENTS = YES;
				CLANG_WARN_EMPTY_BODY = YES;
				CLANG_WARN_ENUM_CONVERSION = YES;
				CLANG_WARN_INFINITE_RECURSION = YES;
				CLANG_WARN_INT_CONVERSION = YES;
				CLANG_WARN_NON_LITERAL_NULL_CONVERSION = YES;
				CLANG_WARN_OBJC_IMPLICIT_RETAIN_SELF = YES;
				CLANG_WARN_OBJC_LITERAL_CONVERSION = YES;
				CLANG_WARN_OBJC_ROOT_CLASS = YES_ERROR;
				CLANG_WARN_QUOTED_INCLUDE_IN_FRAMEWORK_HEADER = YES;
				CLANG_WARN_RANGE_LOOP_ANALYSIS = YES;
				CLANG_WARN_STRICT_PROTOTYPES = YES;
				CLANG_WARN_SUSPICIOUS_MOVE = YES;
				CLANG_WARN_UNGUARDED_AVAILABILITY = YES_AGGRESSIVE;
				CLANG_WARN_UNREACHABLE_CODE = YES;
				CLANG_WARN__DUPLICATE_METHOD_MATCH = YES;
				COPY_PHASE_STRIP = NO;
				DEBUG_INFORMATION_FORMAT = "dwarf-with-dsym";
				ENABLE_NS_ASSERTIONS = NO;
				ENABLE_STRICT_OBJC_MSGSEND = YES;
				GCC_C_LANGUAGE_STANDARD = gnu11;
				GCC_NO_COMMON_BLOCKS = YES;
				GCC_WARN_64_TO_32_BIT_CONVERSION = YES;
				GCC_WARN_ABOUT_RETURN_TYPE = YES_ERROR;
				GCC_WARN_UNDECLARED_SELECTOR = YES;
				GCC_WARN_UNINITIALIZED_AUTOS = YES_AGGRESSIVE;
				GCC_WARN_UNUSED_FUNCTION = YES;
				GCC_WARN_UNUSED_VARIABLE = YES;
				IPHONEOS_DEPLOYMENT_TARGET = 16.2;
				MTL_ENABLE_DEBUG_INFO = NO;
				MTL_FAST_MATH = YES;
				SDKROOT = iphoneos;
				SWIFT_COMPILATION_MODE = wholemodule;
				SWIFT_OPTIMIZATION_LEVEL = "-O";
				VALIDATE_PRODUCT = YES;
			};
			name = Release;
		};
		5D348B962974768D001FAF2A /* Debug */ = {
			isa = XCBuildConfiguration;
			buildSettings = {
				ASSETCATALOG_COMPILER_APPICON_NAME = AppIcon;
				ASSETCATALOG_COMPILER_GLOBAL_ACCENT_COLOR_NAME = AccentColor;
				CODE_SIGN_STYLE = Automatic;
				CURRENT_PROJECT_VERSION = 1;
				DEVELOPMENT_TEAM = N6PQF93RKP;
				GENERATE_INFOPLIST_FILE = YES;
				INFOPLIST_FILE = "Shopping App Project/Info.plist";
				INFOPLIST_KEY_UIApplicationSupportsIndirectInputEvents = YES;
				INFOPLIST_KEY_UILaunchStoryboardName = LaunchScreen;
				INFOPLIST_KEY_UIMainStoryboardFile = Main;
				INFOPLIST_KEY_UISupportedInterfaceOrientations_iPad = "UIInterfaceOrientationPortrait UIInterfaceOrientationPortraitUpsideDown UIInterfaceOrientationLandscapeLeft UIInterfaceOrientationLandscapeRight";
				INFOPLIST_KEY_UISupportedInterfaceOrientations_iPhone = "UIInterfaceOrientationPortrait UIInterfaceOrientationLandscapeLeft UIInterfaceOrientationLandscapeRight";
				IPHONEOS_DEPLOYMENT_TARGET = 16.2;
				LD_RUNPATH_SEARCH_PATHS = (
					"$(inherited)",
					"@executable_path/Frameworks",
				);
				MARKETING_VERSION = 1.0;
				PRODUCT_BUNDLE_IDENTIFIER = "com.nat.Shopping-App-Project";
				PRODUCT_NAME = "$(TARGET_NAME)";
				SWIFT_EMIT_LOC_STRINGS = YES;
				SWIFT_VERSION = 5.0;
				TARGETED_DEVICE_FAMILY = "1,2";
			};
			name = Debug;
		};
		5D348B972974768D001FAF2A /* Release */ = {
			isa = XCBuildConfiguration;
			buildSettings = {
				ASSETCATALOG_COMPILER_APPICON_NAME = AppIcon;
				ASSETCATALOG_COMPILER_GLOBAL_ACCENT_COLOR_NAME = AccentColor;
				CODE_SIGN_STYLE = Automatic;
				CURRENT_PROJECT_VERSION = 1;
				DEVELOPMENT_TEAM = N6PQF93RKP;
				GENERATE_INFOPLIST_FILE = YES;
				INFOPLIST_FILE = "Shopping App Project/Info.plist";
				INFOPLIST_KEY_UIApplicationSupportsIndirectInputEvents = YES;
				INFOPLIST_KEY_UILaunchStoryboardName = LaunchScreen;
				INFOPLIST_KEY_UIMainStoryboardFile = Main;
				INFOPLIST_KEY_UISupportedInterfaceOrientations_iPad = "UIInterfaceOrientationPortrait UIInterfaceOrientationPortraitUpsideDown UIInterfaceOrientationLandscapeLeft UIInterfaceOrientationLandscapeRight";
				INFOPLIST_KEY_UISupportedInterfaceOrientations_iPhone = "UIInterfaceOrientationPortrait UIInterfaceOrientationLandscapeLeft UIInterfaceOrientationLandscapeRight";
				IPHONEOS_DEPLOYMENT_TARGET = 16.2;
				LD_RUNPATH_SEARCH_PATHS = (
					"$(inherited)",
					"@executable_path/Frameworks",
				);
				MARKETING_VERSION = 1.0;
				PRODUCT_BUNDLE_IDENTIFIER = "com.nat.Shopping-App-Project";
				PRODUCT_NAME = "$(TARGET_NAME)";
				SWIFT_EMIT_LOC_STRINGS = YES;
				SWIFT_VERSION = 5.0;
				TARGETED_DEVICE_FAMILY = "1,2";
			};
			name = Release;
		};
/* End XCBuildConfiguration section */

/* Begin XCConfigurationList section */
		5D348B792974768B001FAF2A /* Build configuration list for PBXProject "Shopping App Project" */ = {
			isa = XCConfigurationList;
			buildConfigurations = (
				5D348B932974768D001FAF2A /* Debug */,
				5D348B942974768D001FAF2A /* Release */,
			);
			defaultConfigurationIsVisible = 0;
			defaultConfigurationName = Release;
		};
		5D348B952974768D001FAF2A /* Build configuration list for PBXNativeTarget "Shopping App Project" */ = {
			isa = XCConfigurationList;
			buildConfigurations = (
				5D348B962974768D001FAF2A /* Debug */,
				5D348B972974768D001FAF2A /* Release */,
			);
			defaultConfigurationIsVisible = 0;
			defaultConfigurationName = Release;
		};
/* End XCConfigurationList section */

/* Begin XCRemoteSwiftPackageReference section */
		5D912B3B29759947002CA421 /* XCRemoteSwiftPackageReference "firebase-ios-sdk" */ = {
			isa = XCRemoteSwiftPackageReference;
			repositoryURL = "https://github.com/firebase/firebase-ios-sdk";
			requirement = {
				kind = upToNextMajorVersion;
				minimumVersion = 10.0.0;
			};
		};
/* End XCRemoteSwiftPackageReference section */

/* Begin XCSwiftPackageProductDependency section */
		5D912B3C29759947002CA421 /* FirebaseAuth */ = {
			isa = XCSwiftPackageProductDependency;
			package = 5D912B3B29759947002CA421 /* XCRemoteSwiftPackageReference "firebase-ios-sdk" */;
			productName = FirebaseAuth;
		};
/* End XCSwiftPackageProductDependency section */

/* Begin XCVersionGroup section */
		5D348B8A2974768B001FAF2A /* Shopping_App_Project.xcdatamodeld */ = {
			isa = XCVersionGroup;
			children = (
				5D348B8B2974768B001FAF2A /* Shopping_App_Project.xcdatamodel */,
			);
			currentVersion = 5D348B8B2974768B001FAF2A /* Shopping_App_Project.xcdatamodel */;
			path = Shopping_App_Project.xcdatamodeld;
			sourceTree = "<group>";
			versionGroupType = wrapper.xcdatamodel;
		};
/* End XCVersionGroup section */
	};
	rootObject = 5D348B762974768B001FAF2A /* Project object */;
}
